
Microsoft Visual Studio Solution File, Format Version 12.00
# Visual Studio Version 16
VisualStudioVersion = 16.0.29806.167
MinimumVisualStudioVersion = 10.0.40219.1
Project("{FAE04EC0-301F-11D3-BF4B-00C04F79EFBC}") = "HalloComposite", "HalloComposite\HalloComposite.csproj", "{56A9DE9D-5F16-4377-B8C4-BF27613B81D4}"
EndProject
Global
	GlobalSection(SolutionConfigurationPlatforms) = preSolution
		Debug|Any CPU = Debug|Any CPU
		Release|Any CPU = Release|Any CPU
	EndGlobalSection
	GlobalSection(ProjectConfigurationPlatforms) = postSolution
		{56A9DE9D-5F16-4377-B8C4-BF27613B81D4}.Debug|Any CPU.ActiveCfg = Debug|Any CPU
		{56A9DE9D-5F16-4377-B8C4-BF27613B81D4}.Debug|Any CPU.Build.0 = Debug|Any CPU
		{56A9DE9D-5F16-4377-B8C4-BF27613B81D4}.Release|Any CPU.ActiveCfg = Release|Any CPU
		{56A9DE9D-5F16-4377-B8C4-BF27613B81D4}.Release|Any CPU.Build.0 = Release|Any CPU
	EndGlobalSection
	GlobalSection(SolutionProperties) = preSolution
		HideSolutionNode = FALSE
	EndGlobalSection
	GlobalSection(ExtensibilityGlobals) = postSolution
		SolutionGuid = {7A22D53F-7FB5-4ED4-B58A-311B3EE43FA1}
	EndGlobalSection
EndGlobal
